// !$*UTF8*$!
{
	archiveVersion = 1;
	classes = {
	};
	objectVersion = 46;
	objects = {

/* Begin PBXBuildFile section */
		2DAA90F11D047C2900C1476B /* main.m in Sources */ = {isa = PBXBuildFile; fileRef = 2DAA90F01D047C2900C1476B /* main.m */; };
		2DAA90F41D047C2900C1476B /* AppDelegate.m in Sources */ = {isa = PBXBuildFile; fileRef = 2DAA90F31D047C2900C1476B /* AppDelegate.m */; };
		2DAA90F71D047C2900C1476B /* ViewController.m in Sources */ = {isa = PBXBuildFile; fileRef = 2DAA90F61D047C2900C1476B /* ViewController.m */; };
		2DAA90FA1D047C2900C1476B /* Main.storyboard in Resources */ = {isa = PBXBuildFile; fileRef = 2DAA90F81D047C2900C1476B /* Main.storyboard */; };
		2DAA90FC1D047C2900C1476B /* Assets.xcassets in Resources */ = {isa = PBXBuildFile; fileRef = 2DAA90FB1D047C2900C1476B /* Assets.xcassets */; };
		2DAA90FF1D047C2900C1476B /* LaunchScreen.storyboard in Resources */ = {isa = PBXBuildFile; fileRef = 2DAA90FD1D047C2900C1476B /* LaunchScreen.storyboard */; };
		2DAA910A1D047C2900C1476B /* HalfSugarTests.m in Sources */ = {isa = PBXBuildFile; fileRef = 2DAA91091D047C2900C1476B /* HalfSugarTests.m */; };
/* End PBXBuildFile section */

/* Begin PBXContainerItemProxy section */
		2DAA91061D047C2900C1476B /* PBXContainerItemProxy */ = {
			isa = PBXContainerItemProxy;
			containerPortal = 2DAA90E41D047C2900C1476B /* Project object */;
			proxyType = 1;
			remoteGlobalIDString = 2DAA90EB1D047C2900C1476B;
			remoteInfo = HalfSugar;
		};
/* End PBXContainerItemProxy section */

/* Begin PBXFileReference section */
		2DAA90EC1D047C2900C1476B /* HalfSugar.app */ = {isa = PBXFileReference; explicitFileType = wrapper.application; includeInIndex = 0; path = HalfSugar.app; sourceTree = BUILT_PRODUCTS_DIR; };
		2DAA90F01D047C2900C1476B /* main.m */ = {isa = PBXFileReference; lastKnownFileType = sourcecode.c.objc; path = main.m; sourceTree = "<group>"; };
		2DAA90F21D047C2900C1476B /* AppDelegate.h */ = {isa = PBXFileReference; lastKnownFileType = sourcecode.c.h; path = AppDelegate.h; sourceTree = "<group>"; };
		2DAA90F31D047C2900C1476B /* AppDelegate.m */ = {isa = PBXFileReference; lastKnownFileType = sourcecode.c.objc; path = AppDelegate.m; sourceTree = "<group>"; };
		2DAA90F51D047C2900C1476B /* ViewController.h */ = {isa = PBXFileReference; lastKnownFileType = sourcecode.c.h; path = ViewController.h; sourceTree = "<group>"; };
		2DAA90F61D047C2900C1476B /* ViewController.m */ = {isa = PBXFileReference; lastKnownFileType = sourcecode.c.objc; path = ViewController.m; sourceTree = "<group>"; };
		2DAA90F91D047C2900C1476B /* Base */ = {isa = PBXFileReference; lastKnownFileType = file.storyboard; name = Base; path = Base.lproj/Main.storyboard; sourceTree = "<group>"; };
		2DAA90FB1D047C2900C1476B /* Assets.xcassets */ = {isa = PBXFileReference; lastKnownFileType = folder.assetcatalog; path = Assets.xcassets; sourceTree = "<group>"; };
		2DAA90FE1D047C2900C1476B /* Base */ = {isa = PBXFileReference; lastKnownFileType = file.storyboard; name = Base; path = Base.lproj/LaunchScreen.storyboard; sourceTree = "<group>"; };
		2DAA91001D047C2900C1476B /* Info.plist */ = {isa = PBXFileReference; lastKnownFileType = text.plist.xml; path = Info.plist; sourceTree = "<group>"; };
		2DAA91051D047C2900C1476B /* HalfSugarTests.xctest */ = {isa = PBXFileReference; explicitFileType = wrapper.cfbundle; includeInIndex = 0; path = HalfSugarTests.xctest; sourceTree = BUILT_PRODUCTS_DIR; };
		2DAA91091D047C2900C1476B /* HalfSugarTests.m */ = {isa = PBXFileReference; lastKnownFileType = sourcecode.c.objc; path = HalfSugarTests.m; sourceTree = "<group>"; };
		2DAA910B1D047C2900C1476B /* Info.plist */ = {isa = PBXFileReference; lastKnownFileType = text.plist.xml; path = Info.plist; sourceTree = "<group>"; };
/* End PBXFileReference section */

/* Begin PBXFrameworksBuildPhase section */
		2DAA90E91D047C2900C1476B /* Frameworks */ = {
			isa = PBXFrameworksBuildPhase;
			buildActionMask = 2147483647;
			files = (
			);
			runOnlyForDeploymentPostprocessing = 0;
		};
		2DAA91021D047C2900C1476B /* Frameworks */ = {
			isa = PBXFrameworksBuildPhase;
			buildActionMask = 2147483647;
			files = (
			);
			runOnlyForDeploymentPostprocessing = 0;
		};
/* End PBXFrameworksBuildPhase section */

/* Begin PBXGroup section */
		2DAA90E31D047C2900C1476B = {
			isa = PBXGroup;
			children = (
				2DAA90EE1D047C2900C1476B /* HalfSugar */,
				2DAA91081D047C2900C1476B /* HalfSugarTests */,
				2DAA90ED1D047C2900C1476B /* Products */,
			);
			sourceTree = "<group>";
		};
		2DAA90ED1D047C2900C1476B /* Products */ = {
			isa = PBXGroup;
			children = (
				2DAA90EC1D047C2900C1476B /* HalfSugar.app */,
				2DAA91051D047C2900C1476B /* HalfSugarTests.xctest */,
			);
			name = Products;
			sourceTree = "<group>";
		};
		2DAA90EE1D047C2900C1476B /* HalfSugar */ = {
			isa = PBXGroup;
			children = (
				2DAA90F21D047C2900C1476B /* AppDelegate.h */,
				2DAA90F31D047C2900C1476B /* AppDelegate.m */,
				2DAA90F51D047C2900C1476B /* ViewController.h */,
				2DAA90F61D047C2900C1476B /* ViewController.m */,
				2DAA90F81D047C2900C1476B /* Main.storyboard */,
				2DAA90FB1D047C2900C1476B /* Assets.xcassets */,
				2DAA90FD1D047C2900C1476B /* LaunchScreen.storyboard */,
				2DAA91001D047C2900C1476B /* Info.plist */,
				2DAA90EF1D047C2900C1476B /* Supporting Files */,
			);
			path = HalfSugar;
			sourceTree = "<group>";
		};
		2DAA90EF1D047C2900C1476B /* Supporting Files */ = {
			isa = PBXGroup;
			children = (
				2DAA90F01D047C2900C1476B /* main.m */,
			);
			name = "Supporting Files";
			sourceTree = "<group>";
		};
		2DAA91081D047C2900C1476B /* HalfSugarTests */ = {
			isa = PBXGroup;
			children = (
				2DAA91091D047C2900C1476B /* HalfSugarTests.m */,
				2DAA910B1D047C2900C1476B /* Info.plist */,
			);
			path = HalfSugarTests;
			sourceTree = "<group>";
		};
/* End PBXGroup section */

/* Begin PBXNativeTarget section */
		2DAA90EB1D047C2900C1476B /* HalfSugar */ = {
			isa = PBXNativeTarget;
			buildConfigurationList = 2DAA910E1D047C2900C1476B /* Build configuration list for PBXNativeTarget "HalfSugar" */;
			buildPhases = (
				2DAA90E81D047C2900C1476B /* Sources */,
				2DAA90E91D047C2900C1476B /* Frameworks */,
				2DAA90EA1D047C2900C1476B /* Resources */,
			);
			buildRules = (
			);
			dependencies = (
			);
			name = HalfSugar;
			productName = HalfSugar;
			productReference = 2DAA90EC1D047C2900C1476B /* HalfSugar.app */;
			productType = "com.apple.product-type.application";
		};
		2DAA91041D047C2900C1476B /* HalfSugarTests */ = {
			isa = PBXNativeTarget;
			buildConfigurationList = 2DAA91111D047C2900C1476B /* Build configuration list for PBXNativeTarget "HalfSugarTests" */;
			buildPhases = (
				2DAA91011D047C2900C1476B /* Sources */,
				2DAA91021D047C2900C1476B /* Frameworks */,
				2DAA91031D047C2900C1476B /* Resources */,
			);
			buildRules = (
			);
			dependencies = (
				2DAA91071D047C2900C1476B /* PBXTargetDependency */,
			);
			name = HalfSugarTests;
			productName = HalfSugarTests;
			productReference = 2DAA91051D047C2900C1476B /* HalfSugarTests.xctest */;
			productType = "com.apple.product-type.bundle.unit-test";
		};
/* End PBXNativeTarget section */

/* Begin PBXProject section */
		2DAA90E41D047C2900C1476B /* Project object */ = {
			isa = PBXProject;
			attributes = {
				LastUpgradeCheck = 0720;
				ORGANIZATIONNAME = WanJianTechnology;
				TargetAttributes = {
					2DAA90EB1D047C2900C1476B = {
						CreatedOnToolsVersion = 7.2;
					};
					2DAA91041D047C2900C1476B = {
						CreatedOnToolsVersion = 7.2;
						TestTargetID = 2DAA90EB1D047C2900C1476B;
					};
				};
			};
			buildConfigurationList = 2DAA90E71D047C2900C1476B /* Build configuration list for PBXProject "HalfSugar" */;
			compatibilityVersion = "Xcode 3.2";
			developmentRegion = English;
			hasScannedForEncodings = 0;
			knownRegions = (
				en,
				Base,
			);
			mainGroup = 2DAA90E31D047C2900C1476B;
			productRefGroup = 2DAA90ED1D047C2900C1476B /* Products */;
			projectDirPath = "";
			projectRoot = "";
			targets = (
				2DAA90EB1D047C2900C1476B /* HalfSugar */,
				2DAA91041D047C2900C1476B /* HalfSugarTests */,
			);
		};
/* End PBXProject section */

/* Begin PBXResourcesBuildPhase section */
		2DAA90EA1D047C2900C1476B /* Resources */ = {
			isa = PBXResourcesBuildPhase;
			buildActionMask = 2147483647;
			files = (
				2DAA90FF1D047C2900C1476B /* LaunchScreen.storyboard in Resources */,
				2DAA90FC1D047C2900C1476B /* Assets.xcassets in Resources */,
				2DAA90FA1D047C2900C1476B /* Main.storyboard in Resources */,
			);
			runOnlyForDeploymentPostprocessing = 0;
		};
		2DAA91031D047C2900C1476B /* Resources */ = {
			isa = PBXResourcesBuildPhase;
			buildActionMask = 2147483647;
			files = (
			);
			runOnlyForDeploymentPostprocessing = 0;
		};
/* End PBXResourcesBuildPhase section */

/* Begin PBXSourcesBuildPhase section */
		2DAA90E81D047C2900C1476B /* Sources */ = {
			isa = PBXSourcesBuildPhase;
			buildActionMask = 2147483647;
			files = (
				2DAA90F71D047C2900C1476B /* ViewController.m in Sources */,
				2DAA90F41D047C2900C1476B /* AppDelegate.m in Sources */,
				2DAA90F11D047C2900C1476B /* main.m in Sources */,
			);
			runOnlyForDeploymentPostprocessing = 0;
		};
		2DAA91011D047C2900C1476B /* Sources */ = {
			isa = PBXSourcesBuildPhase;
			buildActionMask = 2147483647;
			files = (
				2DAA910A1D047C2900C1476B /* HalfSugarTests.m in Sources */,
			);
			runOnlyForDeploymentPostprocessing = 0;
		};
/* End PBXSourcesBuildPhase section */

/* Begin PBXTargetDependency section */
		2DAA91071D047C2900C1476B /* PBXTargetDependency */ = {
			isa = PBXTargetDependency;
			target = 2DAA90EB1D047C2900C1476B /* HalfSugar */;
			targetProxy = 2DAA91061D047C2900C1476B /* PBXContainerItemProxy */;
		};
/* End PBXTargetDependency section */

/* Begin PBXVariantGroup section */
		2DAA90F81D047C2900C1476B /* Main.storyboard */ = {
			isa = PBXVariantGroup;
			children = (
				2DAA90F91D047C2900C1476B /* Base */,
			);
			name = Main.storyboard;
			sourceTree = "<group>";
		};
		2DAA90FD1D047C2900C1476B /* LaunchScreen.storyboard */ = {
			isa = PBXVariantGroup;
			children = (
				2DAA90FE1D047C2900C1476B /* Base */,
			);
			name = LaunchScreen.storyboard;
			sourceTree = "<group>";
		};
/* End PBXVariantGroup section */

/* Begin XCBuildConfiguration section */
		2DAA910C1D047C2900C1476B /* Debug */ = {
			isa = XCBuildConfiguration;
			buildSettings = {
				ALWAYS_SEARCH_USER_PATHS = NO;
				CLANG_CXX_LANGUAGE_STANDARD = "gnu++0x";
				CLANG_CXX_LIBRARY = "libc++";
				CLANG_ENABLE_MODULES = YES;
				CLANG_ENABLE_OBJC_ARC = YES;
				CLANG_WARN_BOOL_CONVERSION = YES;
				CLANG_WARN_CONSTANT_CONVERSION = YES;
				CLANG_WARN_DIRECT_OBJC_ISA_USAGE = YES_ERROR;
				CLANG_WARN_EMPTY_BODY = YES;
				CLANG_WARN_ENUM_CONVERSION = YES;
				CLANG_WARN_INT_CONVERSION = YES;
				CLANG_WARN_OBJC_ROOT_CLASS = YES_ERROR;
				CLANG_WARN_UNREACHABLE_CODE = YES;
				CLANG_WARN__DUPLICATE_METHOD_MATCH = YES;
				"CODE_SIGN_IDENTITY[sdk=iphoneos*]" = "iPhone Developer";
				COPY_PHASE_STRIP = NO;
				DEBUG_INFORMATION_FORMAT = dwarf;
				ENABLE_STRICT_OBJC_MSGSEND = YES;
				ENABLE_TESTABILITY = YES;
				GCC_C_LANGUAGE_STANDARD = gnu99;
				GCC_DYNAMIC_NO_PIC = NO;
				GCC_NO_COMMON_BLOCKS = YES;
				GCC_OPTIMIZATION_LEVEL = 0;
				GCC_PREPROCESSOR_DEFINITIONS = (
					"DEBUG=1",
					"$(inherited)",
				);
				GCC_WARN_64_TO_32_BIT_CONVERSION = YES;
				GCC_WARN_ABOUT_RETURN_TYPE = YES_ERROR;
				GCC_WARN_UNDECLARED_SELECTOR = YES;
				GCC_WARN_UNINITIALIZED_AUTOS = YES_AGGRESSIVE;
				GCC_WARN_UNUSED_FUNCTION = YES;
				GCC_WARN_UNUSED_VARIABLE = YES;
				IPHONEOS_DEPLOYMENT_TARGET = 9.2;
				MTL_ENABLE_DEBUG_INFO = YES;
				ONLY_ACTIVE_ARCH = YES;
				SDKROOT = iphoneos;
			};
			name = Debug;
		};
		2DAA910D1D047C2900C1476B /* Release */ = {
			isa = XCBuildConfiguration;
			buildSettings = {
				ALWAYS_SEARCH_USER_PATHS = NO;
				CLANG_CXX_LANGUAGE_STANDARD = "gnu++0x";
				CLANG_CXX_LIBRARY = "libc++";
				CLANG_ENABLE_MODULES = YES;
				CLANG_ENABLE_OBJC_ARC = YES;
				CLANG_WARN_BOOL_CONVERSION = YES;
				CLANG_WARN_CONSTANT_CONVERSION = YES;
				CLANG_WARN_DIRECT_OBJC_ISA_USAGE = YES_ERROR;
				CLANG_WARN_EMPTY_BODY = YES;
				CLANG_WARN_ENUM_CONVERSION = YES;
				CLANG_WARN_INT_CONVERSION = YES;
				CLANG_WARN_OBJC_ROOT_CLASS = YES_ERROR;
				CLANG_WARN_UNREACHABLE_CODE = YES;
				CLANG_WARN__DUPLICATE_METHOD_MATCH = YES;
				"CODE_SIGN_IDENTITY[sdk=iphoneos*]" = "iPhone Developer";
				COPY_PHASE_STRIP = NO;
				DEBUG_INFORMATION_FORMAT = "dwarf-with-dsym";
				ENABLE_NS_ASSERTIONS = NO;
				ENABLE_STRICT_OBJC_MSGSEND = YES;
				GCC_C_LANGUAGE_STANDARD = gnu99;
				GCC_NO_COMMON_BLOCKS = YES;
				GCC_WARN_64_TO_32_BIT_CONVERSION = YES;
				GCC_WARN_ABOUT_RETURN_TYPE = YES_ERROR;
				GCC_WARN_UNDECLARED_SELECTOR = YES;
				GCC_WARN_UNINITIALIZED_AUTOS = YES_AGGRESSIVE;
				GCC_WARN_UNUSED_FUNCTION = YES;
				GCC_WARN_UNUSED_VARIABLE = YES;
				IPHONEOS_DEPLOYMENT_TARGET = 9.2;
				MTL_ENABLE_DEBUG_INFO = NO;
				SDKROOT = iphoneos;
				VALIDATE_PRODUCT = YES;
			};
			name = Release;
		};
		2DAA910F1D047C2900C1476B /* Debug */ = {
			isa = XCBuildConfiguration;
			buildSettings = {
				ASSETCATALOG_COMPILER_APPICON_NAME = AppIcon;
				INFOPLIST_FILE = HalfSugar/Info.plist;
				LD_RUNPATH_SEARCH_PATHS = "$(inherited) @executable_path/Frameworks";
				PRODUCT_BUNDLE_IDENTIFIER = com.WanJianTechnology.HalfSugar;
				PRODUCT_NAME = "$(TARGET_NAME)";
			};
			name = Debug;
		};
		2DAA91101D047C2900C1476B /* Release */ = {
			isa = XCBuildConfiguration;
			buildSettings = {
				ASSETCATALOG_COMPILER_APPICON_NAME = AppIcon;
				INFOPLIST_FILE = HalfSugar/Info.plist;
				LD_RUNPATH_SEARCH_PATHS = "$(inherited) @executable_path/Frameworks";
				PRODUCT_BUNDLE_IDENTIFIER = com.WanJianTechnology.HalfSugar;
				PRODUCT_NAME = "$(TARGET_NAME)";
			};
			name = Release;
		};
		2DAA91121D047C2900C1476B /* Debug */ = {
			isa = XCBuildConfiguration;
			buildSettings = {
				BUNDLE_LOADER = "$(TEST_HOST)";
				INFOPLIST_FILE = HalfSugarTests/Info.plist;
				LD_RUNPATH_SEARCH_PATHS = "$(inherited) @executable_path/Frameworks @loader_path/Frameworks";
				PRODUCT_BUNDLE_IDENTIFIER = com.WanJianTechnology.HalfSugarTests;
				PRODUCT_NAME = "$(TARGET_NAME)";
				TEST_HOST = "$(BUILT_PRODUCTS_DIR)/HalfSugar.app/HalfSugar";
			};
			name = Debug;
		};
		2DAA91131D047C2900C1476B /* Release */ = {
			isa = XCBuildConfiguration;
			buildSettings = {
				BUNDLE_LOADER = "$(TEST_HOST)";
				INFOPLIST_FILE = HalfSugarTests/Info.plist;
				LD_RUNPATH_SEARCH_PATHS = "$(inherited) @executable_path/Frameworks @loader_path/Frameworks";
				PRODUCT_BUNDLE_IDENTIFIER = com.WanJianTechnology.HalfSugarTests;
				PRODUCT_NAME = "$(TARGET_NAME)";
				TEST_HOST = "$(BUILT_PRODUCTS_DIR)/HalfSugar.app/HalfSugar";
			};
			name = Release;
		};
/* End XCBuildConfiguration section */

/* Begin XCConfigurationList section */
		2DAA90E71D047C2900C1476B /* Build configuration list for PBXProject "HalfSugar" */ = {
			isa = XCConfigurationList;
			buildConfigurations = (
				2DAA910C1D047C2900C1476B /* Debug */,
				2DAA910D1D047C2900C1476B /* Release */,
			);
			defaultConfigurationIsVisible = 0;
			defaultConfigurationName = Release;
		};
		2DAA910E1D047C2900C1476B /* Build configuration list for PBXNativeTarget "HalfSugar" */ = {
			isa = XCConfigurationList;
			buildConfigurations = (
				2DAA910F1D047C2900C1476B /* Debug */,
				2DAA91101D047C2900C1476B /* Release */,
			);
			defaultConfigurationIsVisible = 0;
		};
		2DAA91111D047C2900C1476B /* Build configuration list for PBXNativeTarget "HalfSugarTests" */ = {
			isa = XCConfigurationList;
			buildConfigurations = (
				2DAA91121D047C2900C1476B /* Debug */,
				2DAA91131D047C2900C1476B /* Release */,
			);
			defaultConfigurationIsVisible = 0;
		};
/* End XCConfigurationList section */
	};
	rootObject = 2DAA90E41D047C2900C1476B /* Project object */;
}
